# This file is automatically @generated by Cargo.
# It is not intended for manual editing.
version = 3

[[package]]
name = "addcomb_comp"
version = "0.1.5"
source = "git+https://github.com/Torrencem/addcomb-comp?branch=main#4680e352214b8c7af857e361a801464e1c3f5ee3"
dependencies = [
 "array_tool",
 "itertools",
 "once_cell",
 "paste",
 "specialize",
]

[[package]]
name = "addcomb_research"
version = "0.1.0"
dependencies = [
 "addcomb_comp",
]

[[package]]
name = "array_tool"
version = "1.0.3"
source = "registry+https://github.com/rust-lang/crates.io-index"
checksum = "8f8cb5d814eb646a863c4f24978cff2880c4be96ad8cde2c0f0678732902e271"

[[package]]
name = "either"
version = "1.6.1"
source = "registry+https://github.com/rust-lang/crates.io-index"
checksum = "e78d4f1cc4ae33bbfc157ed5d5a5ef3bc29227303d595861deb238fcec4e9457"

[[package]]
name = "itertools"
version = "0.8.2"
source = "registry+https://github.com/rust-lang/crates.io-index"
checksum = "f56a2d0bc861f9165be4eb3442afd3c236d8a98afd426f65d92324ae1091a484"
dependencies = [
 "either",
]

[[package]]
name = "once_cell"
version = "1.8.0"
source = "registry+https://github.com/rust-lang/crates.io-index"
checksum = "692fcb63b64b1758029e0a96ee63e049ce8c5948587f2f7208df04625e5f6b56"

[[package]]
name = "paste"
version = "0.1.18"
source = "registry+https://github.com/rust-lang/crates.io-index"
checksum = "45ca20c77d80be666aef2b45486da86238fabe33e38306bd3118fe4af33fa880"
dependencies = [
 "paste-impl",
 "proc-macro-hack",
]

[[package]]
name = "paste-impl"
version = "0.1.18"
source = "registry+https://github.com/rust-lang/crates.io-index"
checksum = "d95a7db200b97ef370c8e6de0088252f7e0dfff7d047a28528e47456c0fc98b6"
dependencies = [
 "proc-macro-hack",
]

[[package]]
name = "proc-macro-hack"
version = "0.5.19"
source = "registry+https://github.com/rust-lang/crates.io-index"
checksum = "dbf0c48bc1d91375ae5c3cd81e3722dff1abcf81a30960240640d223f59fe0e5"

[[package]]
name = "specialize"
version = "0.0.3"
source = "registry+https://github.com/rust-lang/crates.io-index"
checksum = "205333a35062a0a1778a1511e918a75686719ead7356a6b2c43807c382f12bdb"
